hash: 8270de17375da27ba2c33702e8d27fd8e50afb5fd880b20a4c9a98874dafbd25
updated: 2016-12-27T08:42:55.7923588-08:00
imports:
- name: github.com/fsnotify/fsnotify
  version: 629574ca2a5df945712d3079857300b5e4da0236
- name: golang.org/x/sys
  version: d75a52659825e75fff6158388dddc6a5b04f9ba5
  subpackages:
  - unix
testImports: []
